
Microsoft Visual Studio Solution File, Format Version 12.00
# Visual Studio Version 17
VisualStudioVersion = 17.9.34607.119
MinimumVisualStudioVersion = 10.0.40219.1
Project("{FAE04EC0-301F-11D3-BF4B-00C04F79EFBC}") = "Identitysample", "Identitysample\Identitysample.csproj", "{2C998964-0EE0-4988-8D33-D98F6EDB1627}"
EndProject
Global
	GlobalSection(SolutionConfigurationPlatforms) = preSolution
		Debug|Any CPU = Debug|Any CPU
		Release|Any CPU = Release|Any CPU
	EndGlobalSection
	GlobalSection(ProjectConfigurationPlatforms) = postSolution
		{2C998964-0EE0-4988-8D33-D98F6EDB1627}.Debug|Any CPU.ActiveCfg = Debug|Any CPU
		{2C998964-0EE0-4988-8D33-D98F6EDB1627}.Debug|Any CPU.Build.0 = Debug|Any CPU
		{2C998964-0EE0-4988-8D33-D98F6EDB1627}.Release|Any CPU.ActiveCfg = Release|Any CPU
		{2C998964-0EE0-4988-8D33-D98F6EDB1627}.Release|Any CPU.Build.0 = Release|Any CPU
	EndGlobalSection
	GlobalSection(SolutionProperties) = preSolution
		HideSolutionNode = FALSE
	EndGlobalSection
	GlobalSection(ExtensibilityGlobals) = postSolution
		SolutionGuid = {75DEDE6C-18E0-4735-B3D9-8D0DD8595546}
	EndGlobalSection
EndGlobal
